
Microsoft Visual Studio Solution File, Format Version 11.00
# Visual Studio 2010
Project("{FAE04EC0-301F-11D3-BF4B-00C04F79EFBC}") = "StarPopper", "Assembly-CSharp.csproj", "{DA716BE3-285C-4F72-0C8B-676702DC1D74}"
EndProject
Global
	GlobalSection(SolutionConfigurationPlatforms) = preSolution
		Debug|Any CPU = Debug|Any CPU
		Release|Any CPU = Release|Any CPU
	EndGlobalSection
	GlobalSection(ProjectConfigurationPlatforms) = postSolution
		{DA716BE3-285C-4F72-0C8B-676702DC1D74}.Debug|Any CPU.ActiveCfg = Debug|Any CPU
		{DA716BE3-285C-4F72-0C8B-676702DC1D74}.Debug|Any CPU.Build.0 = Debug|Any CPU
		{DA716BE3-285C-4F72-0C8B-676702DC1D74}.Release|Any CPU.ActiveCfg = Release|Any CPU
		{DA716BE3-285C-4F72-0C8B-676702DC1D74}.Release|Any CPU.Build.0 = Release|Any CPU
	EndGlobalSection
	GlobalSection(SolutionProperties) = preSolution
		HideSolutionNode = FALSE
	EndGlobalSection
	GlobalSection(MonoDevelopProperties) = preSolution
		StartupItem = Assembly-CSharp.csproj
	EndGlobalSection
EndGlobal
